{
    "requires": true,
    "lockfileVersion": 1,
    "dependencies": {
        "laravel-echo": {
            "version": "2.1.0",
            "resolved": "https://registry.npmjs.org/laravel-echo/-/laravel-echo-2.1.0.tgz",
            "integrity": "sha512-SuU2lG+0hfWr4FMpNo4WeuxT3IwB7NI7zaEDrOOsNbHgTYSZY6lwPCBNvSMOfFjIEc9aNx6pRBxHkSWAwxg1UA=="
        },
        "pusher-js": {
            "version": "8.4.0",
            "resolved": "https://registry.npmjs.org/pusher-js/-/pusher-js-8.4.0.tgz",
            "integrity": "sha512-wp3HqIIUc1GRyu1XrP6m2dgyE9MoCsXVsWNlohj0rjSkLf+a0jLvEyVubdg58oMk7bhjBWnFClgp8jfAa6Ak4Q==",
            "requires": {
                "tweetnacl": "^1.0.3"
            }
        },
        "tweetnacl": {
            "version": "1.0.3",
            "resolved": "https://registry.npmjs.org/tweetnacl/-/tweetnacl-1.0.3.tgz",
            "integrity": "sha512-6rt+RN7aOi1nGMyC4Xa5DdYiukl2UWCbcJft7YhxReBGQD7OAM8Pbxw6YMo4r2diNEA8FEmu32YOn9rhaiE5yw=="
        }
    }
}
